
Microsoft Visual Studio Solution File, Format Version 12.00
# Visual Studio 14
VisualStudioVersion = 14.0.24720.0
MinimumVisualStudioVersion = 10.0.40219.1
Project("{2150E333-8FDC-42A3-9474-1A3956D46DE8}") = "Solution Items", "Solution Items", "{639A4493-6B87-455B-9C70-BA9968B6EEEE}"
	ProjectSection(SolutionItems) = preProject
		DataBaseUpdate\LeadForceUpdate.sql = DataBaseUpdate\LeadForceUpdate.sql
	EndProjectSection
EndProject
Project("{FAE04EC0-301F-11D3-BF4B-00C04F79EFBC}") = "WebCounter.Service", "WebCounter.Service\WebCounter.Service.csproj", "{A3BC14CC-63B4-4695-90E3-C9EAE5B20B8B}"
EndProject
Project("{FAE04EC0-301F-11D3-BF4B-00C04F79EFBC}") = "WebCounter.Client", "WebCounter.Client\WebCounter.Client.csproj", "{36583386-A356-4404-BE6E-89216F53F6AA}"
EndProject
Project("{FAE04EC0-301F-11D3-BF4B-00C04F79EFBC}") = "WebCounter.BusinessLogicLayer", "WebCounter.BusinessLogicLayer\WebCounter.BusinessLogicLayer.csproj", "{750A873E-E0C0-4A99-ABB7-410F74CBBD76}"
EndProject
Project("{FAE04EC0-301F-11D3-BF4B-00C04F79EFBC}") = "WebCounter.DataAccessLayer", "WebCounter.DataAccessLayer\WebCounter.DataAccessLayer.csproj", "{A049CEF2-3015-49A8-81D0-B4A460086BA2}"
EndProject
Project("{FAE04EC0-301F-11D3-BF4B-00C04F79EFBC}") = "WebCounter.AdminPanel", "WebCounter.AdminPanel\WebCounter.AdminPanel.csproj", "{C4229013-EB69-4C0D-8625-35D20176ABA2}"
EndProject
Project("{FAE04EC0-301F-11D3-BF4B-00C04F79EFBC}") = "Labitec.LeadForce.Portal", "Labitec.LeadForce.Portal\Labitec.LeadForce.Portal.csproj", "{9A09BF3E-1022-4FFD-ACB4-A2E6BD1DA90C}"
EndProject
Project("{FAE04EC0-301F-11D3-BF4B-00C04F79EFBC}") = "Labitec.LeadForce.API", "Labitec.LeadForce.API\Labitec.LeadForce.API.csproj", "{DEB63FB4-0CD7-453B-BF8B-158D00FAB0BB}"
EndProject
Project("{FAE04EC0-301F-11D3-BF4B-00C04F79EFBC}") = "Labitec.LeadForce.API.Client", "Labitec.LeadForce.API.Client\Labitec.LeadForce.API.Client.csproj", "{EA0D5DA4-4E2F-4475-8285-B954204AFA7D}"
	ProjectSection(ProjectDependencies) = postProject
		{DEB63FB4-0CD7-453B-BF8B-158D00FAB0BB} = {DEB63FB4-0CD7-453B-BF8B-158D00FAB0BB}
	EndProjectSection
EndProject
Project("{FAE04EC0-301F-11D3-BF4B-00C04F79EFBC}") = "Labitec.LeadForce.Report", "Labitec.LeadForce.Report\Labitec.LeadForce.Report.csproj", "{405B7B2D-902C-491B-B031-ECEA0D32A372}"
EndProject
Project("{FAE04EC0-301F-11D3-BF4B-00C04F79EFBC}") = "Labitec.LeadForce.CronJobs", "Labitec.LeadForce.CronJobs\Labitec.LeadForce.CronJobs.csproj", "{172F2C6C-4818-4DC7-9B09-6EA0D755F633}"
EndProject
Project("{FAE04EC0-301F-11D3-BF4B-00C04F79EFBC}") = "Labitec.LeadForce.WorkflowAPI", "Labitec.LeadForce.WorkflowAPI\Labitec.LeadForce.WorkflowAPI.csproj", "{A2BAD87B-62DD-4F99-9895-77817BC8014C}"
EndProject
Project("{FAE04EC0-301F-11D3-BF4B-00C04F79EFBC}") = "Labitec.LeadForce.CronJobs.Launcher", "Labitec.LeadForce.CronJobs.Launcher\Labitec.LeadForce.CronJobs.Launcher.csproj", "{2DFD3EEB-1B13-4BFD-8A33-C08E38B93BB7}"
EndProject
Project("{FAE04EC0-301F-11D3-BF4B-00C04F79EFBC}") = "Labitec.LeadForce.CLR", "Labitec.LeadForce.CLR\Labitec.LeadForce.CLR.csproj", "{2E3AC325-A73F-4008-B7B5-3CC9A61BAC21}"
EndProject
Project("{FAE04EC0-301F-11D3-BF4B-00C04F79EFBC}") = "Labitec.LeadForce.CMS", "Labitec.LeadForce.CMS\Labitec.LeadForce.CMS.csproj", "{3B0C6582-70EF-4DE6-8F83-D5B6A7D6AE03}"
EndProject
Project("{2150E333-8FDC-42A3-9474-1A3956D46DE8}") = "Fx", "Fx", "{888B361E-F85B-4C04-A84A-2F6F17A8F750}"
EndProject
Project("{00D1A9C2-B5F0-4AF3-8072-F6C62B433612}") = "LeadForce.Database", "LeadForce.Database\LeadForce.Database.sqlproj", "{3725D898-5EF7-4C1E-BC44-E85FAAA3FB4A}"
EndProject
Project("{2150E333-8FDC-42A3-9474-1A3956D46DE8}") = "Libs", "Libs", "{8D7B10DE-6F88-4D55-8D1C-904DBC3DEEFE}"
	ProjectSection(SolutionItems) = preProject
		Libs\AForge.dll = Libs\AForge.dll
		Libs\AForge.Imaging.dll = Libs\AForge.Imaging.dll
		Libs\DirtyPageReminder.dll = Libs\DirtyPageReminder.dll
		Libs\Excel.dll = Libs\Excel.dll
		Libs\HtmlAgilityPack.dll = Libs\HtmlAgilityPack.dll
		Libs\HtmlSanitizationLibrary.dll = Libs\HtmlSanitizationLibrary.dll
		Libs\ICSharpCode.SharpZipLib.dll = Libs\ICSharpCode.SharpZipLib.dll
		Libs\Labitec.DataFeed.dll = Libs\Labitec.DataFeed.dll
		Libs\Labitec.UI.Address.dll = Libs\Labitec.UI.Address.dll
		Libs\Labitec.UI.BaseWorkspace.dll = Libs\Labitec.UI.BaseWorkspace.dll
		Libs\Labitec.UI.BaseWorkspace.pdb = Libs\Labitec.UI.BaseWorkspace.pdb
		Libs\Labitec.UI.Dictionary.dll = Libs\Labitec.UI.Dictionary.dll
		Libs\Labitec.UI.Photo.dll = Libs\Labitec.UI.Photo.dll
		Libs\log4net.dll = Libs\log4net.dll
		Libs\Microsoft.Web.Administration.dll = Libs\Microsoft.Web.Administration.dll
		Libs\Newtonsoft.Json.dll = Libs\Newtonsoft.Json.dll
		Libs\OpenPop.dll = Libs\OpenPop.dll
		Libs\skmValidators.dll = Libs\skmValidators.dll
		Libs\Telerik.Reporting.dll = Libs\Telerik.Reporting.dll
		Libs\Telerik.ReportViewer.WebForms.dll = Libs\Telerik.ReportViewer.WebForms.dll
		Libs\Telerik.Web.Design.dll = Libs\Telerik.Web.Design.dll
		Libs\Telerik.Web.UI.dll = Libs\Telerik.Web.UI.dll
		Libs\Telerik.Web.UI.Skins.dll = Libs\Telerik.Web.UI.Skins.dll
		Libs\WufooSharp.dll = Libs\WufooSharp.dll
	EndProjectSection
EndProject
Global
	GlobalSection(SolutionConfigurationPlatforms) = preSolution
		Debug|Any CPU = Debug|Any CPU
		Debug|Mixed Platforms = Debug|Mixed Platforms
		Debug|x86 = Debug|x86
		MSTEST_DEBUG|Any CPU = MSTEST_DEBUG|Any CPU
		MSTEST_DEBUG|Mixed Platforms = MSTEST_DEBUG|Mixed Platforms
		MSTEST_DEBUG|x86 = MSTEST_DEBUG|x86
		MSTEST_RELEASE|Any CPU = MSTEST_RELEASE|Any CPU
		MSTEST_RELEASE|Mixed Platforms = MSTEST_RELEASE|Mixed Platforms
		MSTEST_RELEASE|x86 = MSTEST_RELEASE|x86
		NUNIT_DEBUG|Any CPU = NUNIT_DEBUG|Any CPU
		NUNIT_DEBUG|Mixed Platforms = NUNIT_DEBUG|Mixed Platforms
		NUNIT_DEBUG|x86 = NUNIT_DEBUG|x86
		NUNIT_RELEASE|Any CPU = NUNIT_RELEASE|Any CPU
		NUNIT_RELEASE|Mixed Platforms = NUNIT_RELEASE|Mixed Platforms
		NUNIT_RELEASE|x86 = NUNIT_RELEASE|x86
		Release|Any CPU = Release|Any CPU
		Release|Mixed Platforms = Release|Mixed Platforms
		Release|x86 = Release|x86
	EndGlobalSection
	GlobalSection(ProjectConfigurationPlatforms) = postSolution
		{A3BC14CC-63B4-4695-90E3-C9EAE5B20B8B}.Debug|Any CPU.ActiveCfg = Debug|Any CPU
		{A3BC14CC-63B4-4695-90E3-C9EAE5B20B8B}.Debug|Any CPU.Build.0 = Debug|Any CPU
		{A3BC14CC-63B4-4695-90E3-C9EAE5B20B8B}.Debug|Mixed Platforms.ActiveCfg = Debug|Any CPU
		{A3BC14CC-63B4-4695-90E3-C9EAE5B20B8B}.Debug|Mixed Platforms.Build.0 = Debug|Any CPU
		{A3BC14CC-63B4-4695-90E3-C9EAE5B20B8B}.Debug|x86.ActiveCfg = Debug|Any CPU
		{A3BC14CC-63B4-4695-90E3-C9EAE5B20B8B}.MSTEST_DEBUG|Any CPU.ActiveCfg = Release|Any CPU
		{A3BC14CC-63B4-4695-90E3-C9EAE5B20B8B}.MSTEST_DEBUG|Any CPU.Build.0 = Release|Any CPU
		{A3BC14CC-63B4-4695-90E3-C9EAE5B20B8B}.MSTEST_DEBUG|Mixed Platforms.ActiveCfg = Release|Any CPU
		{A3BC14CC-63B4-4695-90E3-C9EAE5B20B8B}.MSTEST_DEBUG|Mixed Platforms.Build.0 = Release|Any CPU
		{A3BC14CC-63B4-4695-90E3-C9EAE5B20B8B}.MSTEST_DEBUG|x86.ActiveCfg = Release|Any CPU
		{A3BC14CC-63B4-4695-90E3-C9EAE5B20B8B}.MSTEST_RELEASE|Any CPU.ActiveCfg = Release|Any CPU
		{A3BC14CC-63B4-4695-90E3-C9EAE5B20B8B}.MSTEST_RELEASE|Any CPU.Build.0 = Release|Any CPU
		{A3BC14CC-63B4-4695-90E3-C9EAE5B20B8B}.MSTEST_RELEASE|Mixed Platforms.ActiveCfg = Release|Any CPU
		{A3BC14CC-63B4-4695-90E3-C9EAE5B20B8B}.MSTEST_RELEASE|Mixed Platforms.Build.0 = Release|Any CPU
		{A3BC14CC-63B4-4695-90E3-C9EAE5B20B8B}.MSTEST_RELEASE|x86.ActiveCfg = Release|Any CPU
		{A3BC14CC-63B4-4695-90E3-C9EAE5B20B8B}.NUNIT_DEBUG|Any CPU.ActiveCfg = Release|Any CPU
		{A3BC14CC-63B4-4695-90E3-C9EAE5B20B8B}.NUNIT_DEBUG|Any CPU.Build.0 = Release|Any CPU
		{A3BC14CC-63B4-4695-90E3-C9EAE5B20B8B}.NUNIT_DEBUG|Mixed Platforms.ActiveCfg = Release|Any CPU
		{A3BC14CC-63B4-4695-90E3-C9EAE5B20B8B}.NUNIT_DEBUG|Mixed Platforms.Build.0 = Release|Any CPU
		{A3BC14CC-63B4-4695-90E3-C9EAE5B20B8B}.NUNIT_DEBUG|x86.ActiveCfg = Release|Any CPU
		{A3BC14CC-63B4-4695-90E3-C9EAE5B20B8B}.NUNIT_RELEASE|Any CPU.ActiveCfg = Release|Any CPU
		{A3BC14CC-63B4-4695-90E3-C9EAE5B20B8B}.NUNIT_RELEASE|Any CPU.Build.0 = Release|Any CPU
		{A3BC14CC-63B4-4695-90E3-C9EAE5B20B8B}.NUNIT_RELEASE|Mixed Platforms.ActiveCfg = Release|Any CPU
		{A3BC14CC-63B4-4695-90E3-C9EAE5B20B8B}.NUNIT_RELEASE|Mixed Platforms.Build.0 = Release|Any CPU
		{A3BC14CC-63B4-4695-90E3-C9EAE5B20B8B}.NUNIT_RELEASE|x86.ActiveCfg = Release|Any CPU
		{A3BC14CC-63B4-4695-90E3-C9EAE5B20B8B}.Release|Any CPU.ActiveCfg = Release|Any CPU
		{A3BC14CC-63B4-4695-90E3-C9EAE5B20B8B}.Release|Any CPU.Build.0 = Release|Any CPU
		{A3BC14CC-63B4-4695-90E3-C9EAE5B20B8B}.Release|Mixed Platforms.ActiveCfg = Release|Any CPU
		{A3BC14CC-63B4-4695-90E3-C9EAE5B20B8B}.Release|Mixed Platforms.Build.0 = Release|Any CPU
		{A3BC14CC-63B4-4695-90E3-C9EAE5B20B8B}.Release|x86.ActiveCfg = Release|Any CPU
		{36583386-A356-4404-BE6E-89216F53F6AA}.Debug|Any CPU.ActiveCfg = Debug|Any CPU
		{36583386-A356-4404-BE6E-89216F53F6AA}.Debug|Any CPU.Build.0 = Debug|Any CPU
		{36583386-A356-4404-BE6E-89216F53F6AA}.Debug|Mixed Platforms.ActiveCfg = Debug|Any CPU
		{36583386-A356-4404-BE6E-89216F53F6AA}.Debug|Mixed Platforms.Build.0 = Debug|Any CPU
		{36583386-A356-4404-BE6E-89216F53F6AA}.Debug|x86.ActiveCfg = Debug|Any CPU
		{36583386-A356-4404-BE6E-89216F53F6AA}.MSTEST_DEBUG|Any CPU.ActiveCfg = Release|Any CPU
		{36583386-A356-4404-BE6E-89216F53F6AA}.MSTEST_DEBUG|Any CPU.Build.0 = Release|Any CPU
		{36583386-A356-4404-BE6E-89216F53F6AA}.MSTEST_DEBUG|Mixed Platforms.ActiveCfg = Release|Any CPU
		{36583386-A356-4404-BE6E-89216F53F6AA}.MSTEST_DEBUG|Mixed Platforms.Build.0 = Release|Any CPU
		{36583386-A356-4404-BE6E-89216F53F6AA}.MSTEST_DEBUG|x86.ActiveCfg = Release|Any CPU
		{36583386-A356-4404-BE6E-89216F53F6AA}.MSTEST_RELEASE|Any CPU.ActiveCfg = Release|Any CPU
		{36583386-A356-4404-BE6E-89216F53F6AA}.MSTEST_RELEASE|Any CPU.Build.0 = Release|Any CPU
		{36583386-A356-4404-BE6E-89216F53F6AA}.MSTEST_RELEASE|Mixed Platforms.ActiveCfg = Release|Any CPU
		{36583386-A356-4404-BE6E-89216F53F6AA}.MSTEST_RELEASE|Mixed Platforms.Build.0 = Release|Any CPU
		{36583386-A356-4404-BE6E-89216F53F6AA}.MSTEST_RELEASE|x86.ActiveCfg = Release|Any CPU
		{36583386-A356-4404-BE6E-89216F53F6AA}.NUNIT_DEBUG|Any CPU.ActiveCfg = Release|Any CPU
		{36583386-A356-4404-BE6E-89216F53F6AA}.NUNIT_DEBUG|Any CPU.Build.0 = Release|Any CPU
		{36583386-A356-4404-BE6E-89216F53F6AA}.NUNIT_DEBUG|Mixed Platforms.ActiveCfg = Release|Any CPU
		{36583386-A356-4404-BE6E-89216F53F6AA}.NUNIT_DEBUG|Mixed Platforms.Build.0 = Release|Any CPU
		{36583386-A356-4404-BE6E-89216F53F6AA}.NUNIT_DEBUG|x86.ActiveCfg = Release|Any CPU
		{36583386-A356-4404-BE6E-89216F53F6AA}.NUNIT_RELEASE|Any CPU.ActiveCfg = Release|Any CPU
		{36583386-A356-4404-BE6E-89216F53F6AA}.NUNIT_RELEASE|Any CPU.Build.0 = Release|Any CPU
		{36583386-A356-4404-BE6E-89216F53F6AA}.NUNIT_RELEASE|Mixed Platforms.ActiveCfg = Release|Any CPU
		{36583386-A356-4404-BE6E-89216F53F6AA}.NUNIT_RELEASE|Mixed Platforms.Build.0 = Release|Any CPU
		{36583386-A356-4404-BE6E-89216F53F6AA}.NUNIT_RELEASE|x86.ActiveCfg = Release|Any CPU
		{36583386-A356-4404-BE6E-89216F53F6AA}.Release|Any CPU.ActiveCfg = Release|Any CPU
		{36583386-A356-4404-BE6E-89216F53F6AA}.Release|Any CPU.Build.0 = Release|Any CPU
		{36583386-A356-4404-BE6E-89216F53F6AA}.Release|Mixed Platforms.ActiveCfg = Release|Any CPU
		{36583386-A356-4404-BE6E-89216F53F6AA}.Release|Mixed Platforms.Build.0 = Release|Any CPU
		{36583386-A356-4404-BE6E-89216F53F6AA}.Release|x86.ActiveCfg = Release|Any CPU
		{750A873E-E0C0-4A99-ABB7-410F74CBBD76}.Debug|Any CPU.ActiveCfg = Debug|Any CPU
		{750A873E-E0C0-4A99-ABB7-410F74CBBD76}.Debug|Any CPU.Build.0 = Debug|Any CPU
		{750A873E-E0C0-4A99-ABB7-410F74CBBD76}.Debug|Mixed Platforms.ActiveCfg = Debug|Any CPU
		{750A873E-E0C0-4A99-ABB7-410F74CBBD76}.Debug|Mixed Platforms.Build.0 = Debug|Any CPU
		{750A873E-E0C0-4A99-ABB7-410F74CBBD76}.Debug|x86.ActiveCfg = Debug|Any CPU
		{750A873E-E0C0-4A99-ABB7-410F74CBBD76}.MSTEST_DEBUG|Any CPU.ActiveCfg = Release|Any CPU
		{750A873E-E0C0-4A99-ABB7-410F74CBBD76}.MSTEST_DEBUG|Any CPU.Build.0 = Release|Any CPU
		{750A873E-E0C0-4A99-ABB7-410F74CBBD76}.MSTEST_DEBUG|Mixed Platforms.ActiveCfg = Release|Any CPU
		{750A873E-E0C0-4A99-ABB7-410F74CBBD76}.MSTEST_DEBUG|Mixed Platforms.Build.0 = Release|Any CPU
		{750A873E-E0C0-4A99-ABB7-410F74CBBD76}.MSTEST_DEBUG|x86.ActiveCfg = Release|Any CPU
		{750A873E-E0C0-4A99-ABB7-410F74CBBD76}.MSTEST_RELEASE|Any CPU.ActiveCfg = Release|Any CPU
		{750A873E-E0C0-4A99-ABB7-410F74CBBD76}.MSTEST_RELEASE|Any CPU.Build.0 = Release|Any CPU
		{750A873E-E0C0-4A99-ABB7-410F74CBBD76}.MSTEST_RELEASE|Mixed Platforms.ActiveCfg = Release|Any CPU
		{750A873E-E0C0-4A99-ABB7-410F74CBBD76}.MSTEST_RELEASE|Mixed Platforms.Build.0 = Release|Any CPU
		{750A873E-E0C0-4A99-ABB7-410F74CBBD76}.MSTEST_RELEASE|x86.ActiveCfg = Release|Any CPU
		{750A873E-E0C0-4A99-ABB7-410F74CBBD76}.NUNIT_DEBUG|Any CPU.ActiveCfg = Release|Any CPU
		{750A873E-E0C0-4A99-ABB7-410F74CBBD76}.NUNIT_DEBUG|Any CPU.Build.0 = Release|Any CPU
		{750A873E-E0C0-4A99-ABB7-410F74CBBD76}.NUNIT_DEBUG|Mixed Platforms.ActiveCfg = Release|Any CPU
		{750A873E-E0C0-4A99-ABB7-410F74CBBD76}.NUNIT_DEBUG|Mixed Platforms.Build.0 = Release|Any CPU
		{750A873E-E0C0-4A99-ABB7-410F74CBBD76}.NUNIT_DEBUG|x86.ActiveCfg = Release|Any CPU
		{750A873E-E0C0-4A99-ABB7-410F74CBBD76}.NUNIT_RELEASE|Any CPU.ActiveCfg = Release|Any CPU
		{750A873E-E0C0-4A99-ABB7-410F74CBBD76}.NUNIT_RELEASE|Any CPU.Build.0 = Release|Any CPU
		{750A873E-E0C0-4A99-ABB7-410F74CBBD76}.NUNIT_RELEASE|Mixed Platforms.ActiveCfg = Release|Any CPU
		{750A873E-E0C0-4A99-ABB7-410F74CBBD76}.NUNIT_RELEASE|Mixed Platforms.Build.0 = Release|Any CPU
		{750A873E-E0C0-4A99-ABB7-410F74CBBD76}.NUNIT_RELEASE|x86.ActiveCfg = Release|Any CPU
		{750A873E-E0C0-4A99-ABB7-410F74CBBD76}.Release|Any CPU.ActiveCfg = Release|Any CPU
		{750A873E-E0C0-4A99-ABB7-410F74CBBD76}.Release|Any CPU.Build.0 = Release|Any CPU
		{750A873E-E0C0-4A99-ABB7-410F74CBBD76}.Release|Mixed Platforms.ActiveCfg = Release|Any CPU
		{750A873E-E0C0-4A99-ABB7-410F74CBBD76}.Release|Mixed Platforms.Build.0 = Release|Any CPU
		{750A873E-E0C0-4A99-ABB7-410F74CBBD76}.Release|x86.ActiveCfg = Release|Any CPU
		{A049CEF2-3015-49A8-81D0-B4A460086BA2}.Debug|Any CPU.ActiveCfg = Debug|Any CPU
		{A049CEF2-3015-49A8-81D0-B4A460086BA2}.Debug|Any CPU.Build.0 = Debug|Any CPU
		{A049CEF2-3015-49A8-81D0-B4A460086BA2}.Debug|Mixed Platforms.ActiveCfg = Debug|Any CPU
		{A049CEF2-3015-49A8-81D0-B4A460086BA2}.Debug|Mixed Platforms.Build.0 = Debug|Any CPU
		{A049CEF2-3015-49A8-81D0-B4A460086BA2}.Debug|x86.ActiveCfg = Debug|Any CPU
		{A049CEF2-3015-49A8-81D0-B4A460086BA2}.MSTEST_DEBUG|Any CPU.ActiveCfg = Release|Any CPU
		{A049CEF2-3015-49A8-81D0-B4A460086BA2}.MSTEST_DEBUG|Any CPU.Build.0 = Release|Any CPU
		{A049CEF2-3015-49A8-81D0-B4A460086BA2}.MSTEST_DEBUG|Mixed Platforms.ActiveCfg = Release|Any CPU
		{A049CEF2-3015-49A8-81D0-B4A460086BA2}.MSTEST_DEBUG|Mixed Platforms.Build.0 = Release|Any CPU
		{A049CEF2-3015-49A8-81D0-B4A460086BA2}.MSTEST_DEBUG|x86.ActiveCfg = Release|Any CPU
		{A049CEF2-3015-49A8-81D0-B4A460086BA2}.MSTEST_RELEASE|Any CPU.ActiveCfg = Release|Any CPU
		{A049CEF2-3015-49A8-81D0-B4A460086BA2}.MSTEST_RELEASE|Any CPU.Build.0 = Release|Any CPU
		{A049CEF2-3015-49A8-81D0-B4A460086BA2}.MSTEST_RELEASE|Mixed Platforms.ActiveCfg = Release|Any CPU
		{A049CEF2-3015-49A8-81D0-B4A460086BA2}.MSTEST_RELEASE|Mixed Platforms.Build.0 = Release|Any CPU
		{A049CEF2-3015-49A8-81D0-B4A460086BA2}.MSTEST_RELEASE|x86.ActiveCfg = Release|Any CPU
		{A049CEF2-3015-49A8-81D0-B4A460086BA2}.NUNIT_DEBUG|Any CPU.ActiveCfg = Release|Any CPU
		{A049CEF2-3015-49A8-81D0-B4A460086BA2}.NUNIT_DEBUG|Any CPU.Build.0 = Release|Any CPU
		{A049CEF2-3015-49A8-81D0-B4A460086BA2}.NUNIT_DEBUG|Mixed Platforms.ActiveCfg = Release|Any CPU
		{A049CEF2-3015-49A8-81D0-B4A460086BA2}.NUNIT_DEBUG|Mixed Platforms.Build.0 = Release|Any CPU
		{A049CEF2-3015-49A8-81D0-B4A460086BA2}.NUNIT_DEBUG|x86.ActiveCfg = Release|Any CPU
		{A049CEF2-3015-49A8-81D0-B4A460086BA2}.NUNIT_RELEASE|Any CPU.ActiveCfg = Release|Any CPU
		{A049CEF2-3015-49A8-81D0-B4A460086BA2}.NUNIT_RELEASE|Any CPU.Build.0 = Release|Any CPU
		{A049CEF2-3015-49A8-81D0-B4A460086BA2}.NUNIT_RELEASE|Mixed Platforms.ActiveCfg = Release|Any CPU
		{A049CEF2-3015-49A8-81D0-B4A460086BA2}.NUNIT_RELEASE|Mixed Platforms.Build.0 = Release|Any CPU
		{A049CEF2-3015-49A8-81D0-B4A460086BA2}.NUNIT_RELEASE|x86.ActiveCfg = Release|Any CPU
		{A049CEF2-3015-49A8-81D0-B4A460086BA2}.Release|Any CPU.ActiveCfg = Release|Any CPU
		{A049CEF2-3015-49A8-81D0-B4A460086BA2}.Release|Any CPU.Build.0 = Release|Any CPU
		{A049CEF2-3015-49A8-81D0-B4A460086BA2}.Release|Mixed Platforms.ActiveCfg = Release|Any CPU
		{A049CEF2-3015-49A8-81D0-B4A460086BA2}.Release|Mixed Platforms.Build.0 = Release|Any CPU
		{A049CEF2-3015-49A8-81D0-B4A460086BA2}.Release|x86.ActiveCfg = Release|Any CPU
		{C4229013-EB69-4C0D-8625-35D20176ABA2}.Debug|Any CPU.ActiveCfg = Debug|Any CPU
		{C4229013-EB69-4C0D-8625-35D20176ABA2}.Debug|Any CPU.Build.0 = Debug|Any CPU
		{C4229013-EB69-4C0D-8625-35D20176ABA2}.Debug|Mixed Platforms.ActiveCfg = Debug|Any CPU
		{C4229013-EB69-4C0D-8625-35D20176ABA2}.Debug|Mixed Platforms.Build.0 = Debug|Any CPU
		{C4229013-EB69-4C0D-8625-35D20176ABA2}.Debug|x86.ActiveCfg = Debug|Any CPU
		{C4229013-EB69-4C0D-8625-35D20176ABA2}.MSTEST_DEBUG|Any CPU.ActiveCfg = Release|Any CPU
		{C4229013-EB69-4C0D-8625-35D20176ABA2}.MSTEST_DEBUG|Any CPU.Build.0 = Release|Any CPU
		{C4229013-EB69-4C0D-8625-35D20176ABA2}.MSTEST_DEBUG|Mixed Platforms.ActiveCfg = Release|Any CPU
		{C4229013-EB69-4C0D-8625-35D20176ABA2}.MSTEST_DEBUG|Mixed Platforms.Build.0 = Release|Any CPU
		{C4229013-EB69-4C0D-8625-35D20176ABA2}.MSTEST_DEBUG|x86.ActiveCfg = Release|Any CPU
		{C4229013-EB69-4C0D-8625-35D20176ABA2}.MSTEST_RELEASE|Any CPU.ActiveCfg = Release|Any CPU
		{C4229013-EB69-4C0D-8625-35D20176ABA2}.MSTEST_RELEASE|Any CPU.Build.0 = Release|Any CPU
		{C4229013-EB69-4C0D-8625-35D20176ABA2}.MSTEST_RELEASE|Mixed Platforms.ActiveCfg = Release|Any CPU
		{C4229013-EB69-4C0D-8625-35D20176ABA2}.MSTEST_RELEASE|Mixed Platforms.Build.0 = Release|Any CPU
		{C4229013-EB69-4C0D-8625-35D20176ABA2}.MSTEST_RELEASE|x86.ActiveCfg = Release|Any CPU
		{C4229013-EB69-4C0D-8625-35D20176ABA2}.NUNIT_DEBUG|Any CPU.ActiveCfg = Release|Any CPU
		{C4229013-EB69-4C0D-8625-35D20176ABA2}.NUNIT_DEBUG|Any CPU.Build.0 = Release|Any CPU
		{C4229013-EB69-4C0D-8625-35D20176ABA2}.NUNIT_DEBUG|Mixed Platforms.ActiveCfg = Release|Any CPU
		{C4229013-EB69-4C0D-8625-35D20176ABA2}.NUNIT_DEBUG|Mixed Platforms.Build.0 = Release|Any CPU
		{C4229013-EB69-4C0D-8625-35D20176ABA2}.NUNIT_DEBUG|x86.ActiveCfg = Release|Any CPU
		{C4229013-EB69-4C0D-8625-35D20176ABA2}.NUNIT_RELEASE|Any CPU.ActiveCfg = Release|Any CPU
		{C4229013-EB69-4C0D-8625-35D20176ABA2}.NUNIT_RELEASE|Any CPU.Build.0 = Release|Any CPU
		{C4229013-EB69-4C0D-8625-35D20176ABA2}.NUNIT_RELEASE|Mixed Platforms.ActiveCfg = Release|Any CPU
		{C4229013-EB69-4C0D-8625-35D20176ABA2}.NUNIT_RELEASE|Mixed Platforms.Build.0 = Release|Any CPU
		{C4229013-EB69-4C0D-8625-35D20176ABA2}.NUNIT_RELEASE|x86.ActiveCfg = Release|Any CPU
		{C4229013-EB69-4C0D-8625-35D20176ABA2}.Release|Any CPU.ActiveCfg = Release|Any CPU
		{C4229013-EB69-4C0D-8625-35D20176ABA2}.Release|Any CPU.Build.0 = Release|Any CPU
		{C4229013-EB69-4C0D-8625-35D20176ABA2}.Release|Mixed Platforms.ActiveCfg = Release|Any CPU
		{C4229013-EB69-4C0D-8625-35D20176ABA2}.Release|Mixed Platforms.Build.0 = Release|Any CPU
		{C4229013-EB69-4C0D-8625-35D20176ABA2}.Release|x86.ActiveCfg = Release|Any CPU
		{9A09BF3E-1022-4FFD-ACB4-A2E6BD1DA90C}.Debug|Any CPU.ActiveCfg = Debug|Any CPU
		{9A09BF3E-1022-4FFD-ACB4-A2E6BD1DA90C}.Debug|Any CPU.Build.0 = Debug|Any CPU
		{9A09BF3E-1022-4FFD-ACB4-A2E6BD1DA90C}.Debug|Mixed Platforms.ActiveCfg = Debug|Any CPU
		{9A09BF3E-1022-4FFD-ACB4-A2E6BD1DA90C}.Debug|Mixed Platforms.Build.0 = Debug|Any CPU
		{9A09BF3E-1022-4FFD-ACB4-A2E6BD1DA90C}.Debug|x86.ActiveCfg = Debug|Any CPU
		{9A09BF3E-1022-4FFD-ACB4-A2E6BD1DA90C}.MSTEST_DEBUG|Any CPU.ActiveCfg = Release|Any CPU
		{9A09BF3E-1022-4FFD-ACB4-A2E6BD1DA90C}.MSTEST_DEBUG|Any CPU.Build.0 = Release|Any CPU
		{9A09BF3E-1022-4FFD-ACB4-A2E6BD1DA90C}.MSTEST_DEBUG|Mixed Platforms.ActiveCfg = Release|Any CPU
		{9A09BF3E-1022-4FFD-ACB4-A2E6BD1DA90C}.MSTEST_DEBUG|Mixed Platforms.Build.0 = Release|Any CPU
		{9A09BF3E-1022-4FFD-ACB4-A2E6BD1DA90C}.MSTEST_DEBUG|x86.ActiveCfg = Release|Any CPU
		{9A09BF3E-1022-4FFD-ACB4-A2E6BD1DA90C}.MSTEST_RELEASE|Any CPU.ActiveCfg = Release|Any CPU
		{9A09BF3E-1022-4FFD-ACB4-A2E6BD1DA90C}.MSTEST_RELEASE|Any CPU.Build.0 = Release|Any CPU
		{9A09BF3E-1022-4FFD-ACB4-A2E6BD1DA90C}.MSTEST_RELEASE|Mixed Platforms.ActiveCfg = Release|Any CPU
		{9A09BF3E-1022-4FFD-ACB4-A2E6BD1DA90C}.MSTEST_RELEASE|Mixed Platforms.Build.0 = Release|Any CPU
		{9A09BF3E-1022-4FFD-ACB4-A2E6BD1DA90C}.MSTEST_RELEASE|x86.ActiveCfg = Release|Any CPU
		{9A09BF3E-1022-4FFD-ACB4-A2E6BD1DA90C}.NUNIT_DEBUG|Any CPU.ActiveCfg = Release|Any CPU
		{9A09BF3E-1022-4FFD-ACB4-A2E6BD1DA90C}.NUNIT_DEBUG|Any CPU.Build.0 = Release|Any CPU
		{9A09BF3E-1022-4FFD-ACB4-A2E6BD1DA90C}.NUNIT_DEBUG|Mixed Platforms.ActiveCfg = Release|Any CPU
		{9A09BF3E-1022-4FFD-ACB4-A2E6BD1DA90C}.NUNIT_DEBUG|Mixed Platforms.Build.0 = Release|Any CPU
		{9A09BF3E-1022-4FFD-ACB4-A2E6BD1DA90C}.NUNIT_DEBUG|x86.ActiveCfg = Release|Any CPU
		{9A09BF3E-1022-4FFD-ACB4-A2E6BD1DA90C}.NUNIT_RELEASE|Any CPU.ActiveCfg = Release|Any CPU
		{9A09BF3E-1022-4FFD-ACB4-A2E6BD1DA90C}.NUNIT_RELEASE|Any CPU.Build.0 = Release|Any CPU
		{9A09BF3E-1022-4FFD-ACB4-A2E6BD1DA90C}.NUNIT_RELEASE|Mixed Platforms.ActiveCfg = Release|Any CPU
		{9A09BF3E-1022-4FFD-ACB4-A2E6BD1DA90C}.NUNIT_RELEASE|Mixed Platforms.Build.0 = Release|Any CPU
		{9A09BF3E-1022-4FFD-ACB4-A2E6BD1DA90C}.NUNIT_RELEASE|x86.ActiveCfg = Release|Any CPU
		{9A09BF3E-1022-4FFD-ACB4-A2E6BD1DA90C}.Release|Any CPU.ActiveCfg = Release|Any CPU
		{9A09BF3E-1022-4FFD-ACB4-A2E6BD1DA90C}.Release|Any CPU.Build.0 = Release|Any CPU
		{9A09BF3E-1022-4FFD-ACB4-A2E6BD1DA90C}.Release|Mixed Platforms.ActiveCfg = Release|Any CPU
		{9A09BF3E-1022-4FFD-ACB4-A2E6BD1DA90C}.Release|Mixed Platforms.Build.0 = Release|Any CPU
		{9A09BF3E-1022-4FFD-ACB4-A2E6BD1DA90C}.Release|x86.ActiveCfg = Release|Any CPU
		{DEB63FB4-0CD7-453B-BF8B-158D00FAB0BB}.Debug|Any CPU.ActiveCfg = Debug|Any CPU
		{DEB63FB4-0CD7-453B-BF8B-158D00FAB0BB}.Debug|Any CPU.Build.0 = Debug|Any CPU
		{DEB63FB4-0CD7-453B-BF8B-158D00FAB0BB}.Debug|Mixed Platforms.ActiveCfg = Debug|Any CPU
		{DEB63FB4-0CD7-453B-BF8B-158D00FAB0BB}.Debug|Mixed Platforms.Build.0 = Debug|Any CPU
		{DEB63FB4-0CD7-453B-BF8B-158D00FAB0BB}.Debug|x86.ActiveCfg = Debug|Any CPU
		{DEB63FB4-0CD7-453B-BF8B-158D00FAB0BB}.MSTEST_DEBUG|Any CPU.ActiveCfg = Release|Any CPU
		{DEB63FB4-0CD7-453B-BF8B-158D00FAB0BB}.MSTEST_DEBUG|Any CPU.Build.0 = Release|Any CPU
		{DEB63FB4-0CD7-453B-BF8B-158D00FAB0BB}.MSTEST_DEBUG|Mixed Platforms.ActiveCfg = Release|Any CPU
		{DEB63FB4-0CD7-453B-BF8B-158D00FAB0BB}.MSTEST_DEBUG|Mixed Platforms.Build.0 = Release|Any CPU
		{DEB63FB4-0CD7-453B-BF8B-158D00FAB0BB}.MSTEST_DEBUG|x86.ActiveCfg = Release|Any CPU
		{DEB63FB4-0CD7-453B-BF8B-158D00FAB0BB}.MSTEST_RELEASE|Any CPU.ActiveCfg = Release|Any CPU
		{DEB63FB4-0CD7-453B-BF8B-158D00FAB0BB}.MSTEST_RELEASE|Any CPU.Build.0 = Release|Any CPU
		{DEB63FB4-0CD7-453B-BF8B-158D00FAB0BB}.MSTEST_RELEASE|Mixed Platforms.ActiveCfg = Release|Any CPU
		{DEB63FB4-0CD7-453B-BF8B-158D00FAB0BB}.MSTEST_RELEASE|Mixed Platforms.Build.0 = Release|Any CPU
		{DEB63FB4-0CD7-453B-BF8B-158D00FAB0BB}.MSTEST_RELEASE|x86.ActiveCfg = Release|Any CPU
		{DEB63FB4-0CD7-453B-BF8B-158D00FAB0BB}.NUNIT_DEBUG|Any CPU.ActiveCfg = Release|Any CPU
		{DEB63FB4-0CD7-453B-BF8B-158D00FAB0BB}.NUNIT_DEBUG|Any CPU.Build.0 = Release|Any CPU
		{DEB63FB4-0CD7-453B-BF8B-158D00FAB0BB}.NUNIT_DEBUG|Mixed Platforms.ActiveCfg = Release|Any CPU
		{DEB63FB4-0CD7-453B-BF8B-158D00FAB0BB}.NUNIT_DEBUG|Mixed Platforms.Build.0 = Release|Any CPU
		{DEB63FB4-0CD7-453B-BF8B-158D00FAB0BB}.NUNIT_DEBUG|x86.ActiveCfg = Release|Any CPU
		{DEB63FB4-0CD7-453B-BF8B-158D00FAB0BB}.NUNIT_RELEASE|Any CPU.ActiveCfg = Release|Any CPU
		{DEB63FB4-0CD7-453B-BF8B-158D00FAB0BB}.NUNIT_RELEASE|Any CPU.Build.0 = Release|Any CPU
		{DEB63FB4-0CD7-453B-BF8B-158D00FAB0BB}.NUNIT_RELEASE|Mixed Platforms.ActiveCfg = Release|Any CPU
		{DEB63FB4-0CD7-453B-BF8B-158D00FAB0BB}.NUNIT_RELEASE|Mixed Platforms.Build.0 = Release|Any CPU
		{DEB63FB4-0CD7-453B-BF8B-158D00FAB0BB}.NUNIT_RELEASE|x86.ActiveCfg = Release|Any CPU
		{DEB63FB4-0CD7-453B-BF8B-158D00FAB0BB}.Release|Any CPU.ActiveCfg = Release|Any CPU
		{DEB63FB4-0CD7-453B-BF8B-158D00FAB0BB}.Release|Any CPU.Build.0 = Release|Any CPU
		{DEB63FB4-0CD7-453B-BF8B-158D00FAB0BB}.Release|Mixed Platforms.ActiveCfg = Release|Any CPU
		{DEB63FB4-0CD7-453B-BF8B-158D00FAB0BB}.Release|Mixed Platforms.Build.0 = Release|Any CPU
		{DEB63FB4-0CD7-453B-BF8B-158D00FAB0BB}.Release|x86.ActiveCfg = Release|Any CPU
		{EA0D5DA4-4E2F-4475-8285-B954204AFA7D}.Debug|Any CPU.ActiveCfg = Debug|x86
		{EA0D5DA4-4E2F-4475-8285-B954204AFA7D}.Debug|Mixed Platforms.ActiveCfg = Debug|x86
		{EA0D5DA4-4E2F-4475-8285-B954204AFA7D}.Debug|Mixed Platforms.Build.0 = Debug|x86
		{EA0D5DA4-4E2F-4475-8285-B954204AFA7D}.Debug|x86.ActiveCfg = Debug|x86
		{EA0D5DA4-4E2F-4475-8285-B954204AFA7D}.Debug|x86.Build.0 = Debug|x86
		{EA0D5DA4-4E2F-4475-8285-B954204AFA7D}.MSTEST_DEBUG|Any CPU.ActiveCfg = Release|x86
		{EA0D5DA4-4E2F-4475-8285-B954204AFA7D}.MSTEST_DEBUG|Mixed Platforms.ActiveCfg = Release|x86
		{EA0D5DA4-4E2F-4475-8285-B954204AFA7D}.MSTEST_DEBUG|Mixed Platforms.Build.0 = Release|x86
		{EA0D5DA4-4E2F-4475-8285-B954204AFA7D}.MSTEST_DEBUG|x86.ActiveCfg = Release|x86
		{EA0D5DA4-4E2F-4475-8285-B954204AFA7D}.MSTEST_DEBUG|x86.Build.0 = Release|x86
		{EA0D5DA4-4E2F-4475-8285-B954204AFA7D}.MSTEST_RELEASE|Any CPU.ActiveCfg = Release|x86
		{EA0D5DA4-4E2F-4475-8285-B954204AFA7D}.MSTEST_RELEASE|Mixed Platforms.ActiveCfg = Release|x86
		{EA0D5DA4-4E2F-4475-8285-B954204AFA7D}.MSTEST_RELEASE|Mixed Platforms.Build.0 = Release|x86
		{EA0D5DA4-4E2F-4475-8285-B954204AFA7D}.MSTEST_RELEASE|x86.ActiveCfg = Release|x86
		{EA0D5DA4-4E2F-4475-8285-B954204AFA7D}.MSTEST_RELEASE|x86.Build.0 = Release|x86
		{EA0D5DA4-4E2F-4475-8285-B954204AFA7D}.NUNIT_DEBUG|Any CPU.ActiveCfg = Release|x86
		{EA0D5DA4-4E2F-4475-8285-B954204AFA7D}.NUNIT_DEBUG|Mixed Platforms.ActiveCfg = Release|x86
		{EA0D5DA4-4E2F-4475-8285-B954204AFA7D}.NUNIT_DEBUG|Mixed Platforms.Build.0 = Release|x86
		{EA0D5DA4-4E2F-4475-8285-B954204AFA7D}.NUNIT_DEBUG|x86.ActiveCfg = Release|x86
		{EA0D5DA4-4E2F-4475-8285-B954204AFA7D}.NUNIT_DEBUG|x86.Build.0 = Release|x86
		{EA0D5DA4-4E2F-4475-8285-B954204AFA7D}.NUNIT_RELEASE|Any CPU.ActiveCfg = Release|x86
		{EA0D5DA4-4E2F-4475-8285-B954204AFA7D}.NUNIT_RELEASE|Mixed Platforms.ActiveCfg = Release|x86
		{EA0D5DA4-4E2F-4475-8285-B954204AFA7D}.NUNIT_RELEASE|Mixed Platforms.Build.0 = Release|x86
		{EA0D5DA4-4E2F-4475-8285-B954204AFA7D}.NUNIT_RELEASE|x86.ActiveCfg = Release|x86
		{EA0D5DA4-4E2F-4475-8285-B954204AFA7D}.NUNIT_RELEASE|x86.Build.0 = Release|x86
		{EA0D5DA4-4E2F-4475-8285-B954204AFA7D}.Release|Any CPU.ActiveCfg = Release|x86
		{EA0D5DA4-4E2F-4475-8285-B954204AFA7D}.Release|Mixed Platforms.ActiveCfg = Release|x86
		{EA0D5DA4-4E2F-4475-8285-B954204AFA7D}.Release|Mixed Platforms.Build.0 = Release|x86
		{EA0D5DA4-4E2F-4475-8285-B954204AFA7D}.Release|x86.ActiveCfg = Release|x86
		{EA0D5DA4-4E2F-4475-8285-B954204AFA7D}.Release|x86.Build.0 = Release|x86
		{405B7B2D-902C-491B-B031-ECEA0D32A372}.Debug|Any CPU.ActiveCfg = Debug|Any CPU
		{405B7B2D-902C-491B-B031-ECEA0D32A372}.Debug|Any CPU.Build.0 = Debug|Any CPU
		{405B7B2D-902C-491B-B031-ECEA0D32A372}.Debug|Mixed Platforms.ActiveCfg = Debug|Any CPU
		{405B7B2D-902C-491B-B031-ECEA0D32A372}.Debug|Mixed Platforms.Build.0 = Debug|Any CPU
		{405B7B2D-902C-491B-B031-ECEA0D32A372}.Debug|x86.ActiveCfg = Debug|Any CPU
		{405B7B2D-902C-491B-B031-ECEA0D32A372}.MSTEST_DEBUG|Any CPU.ActiveCfg = Release|Any CPU
		{405B7B2D-902C-491B-B031-ECEA0D32A372}.MSTEST_DEBUG|Any CPU.Build.0 = Release|Any CPU
		{405B7B2D-902C-491B-B031-ECEA0D32A372}.MSTEST_DEBUG|Mixed Platforms.ActiveCfg = Release|Any CPU
		{405B7B2D-902C-491B-B031-ECEA0D32A372}.MSTEST_DEBUG|Mixed Platforms.Build.0 = Release|Any CPU
		{405B7B2D-902C-491B-B031-ECEA0D32A372}.MSTEST_DEBUG|x86.ActiveCfg = Release|Any CPU
		{405B7B2D-902C-491B-B031-ECEA0D32A372}.MSTEST_RELEASE|Any CPU.ActiveCfg = Release|Any CPU
		{405B7B2D-902C-491B-B031-ECEA0D32A372}.MSTEST_RELEASE|Any CPU.Build.0 = Release|Any CPU
		{405B7B2D-902C-491B-B031-ECEA0D32A372}.MSTEST_RELEASE|Mixed Platforms.ActiveCfg = Release|Any CPU
		{405B7B2D-902C-491B-B031-ECEA0D32A372}.MSTEST_RELEASE|Mixed Platforms.Build.0 = Release|Any CPU
		{405B7B2D-902C-491B-B031-ECEA0D32A372}.MSTEST_RELEASE|x86.ActiveCfg = Release|Any CPU
		{405B7B2D-902C-491B-B031-ECEA0D32A372}.NUNIT_DEBUG|Any CPU.ActiveCfg = Release|Any CPU
		{405B7B2D-902C-491B-B031-ECEA0D32A372}.NUNIT_DEBUG|Any CPU.Build.0 = Release|Any CPU
		{405B7B2D-902C-491B-B031-ECEA0D32A372}.NUNIT_DEBUG|Mixed Platforms.ActiveCfg = Release|Any CPU
		{405B7B2D-902C-491B-B031-ECEA0D32A372}.NUNIT_DEBUG|Mixed Platforms.Build.0 = Release|Any CPU
		{405B7B2D-902C-491B-B031-ECEA0D32A372}.NUNIT_DEBUG|x86.ActiveCfg = Release|Any CPU
		{405B7B2D-902C-491B-B031-ECEA0D32A372}.NUNIT_RELEASE|Any CPU.ActiveCfg = Release|Any CPU
		{405B7B2D-902C-491B-B031-ECEA0D32A372}.NUNIT_RELEASE|Any CPU.Build.0 = Release|Any CPU
		{405B7B2D-902C-491B-B031-ECEA0D32A372}.NUNIT_RELEASE|Mixed Platforms.ActiveCfg = Release|Any CPU
		{405B7B2D-902C-491B-B031-ECEA0D32A372}.NUNIT_RELEASE|Mixed Platforms.Build.0 = Release|Any CPU
		{405B7B2D-902C-491B-B031-ECEA0D32A372}.NUNIT_RELEASE|x86.ActiveCfg = Release|Any CPU
		{405B7B2D-902C-491B-B031-ECEA0D32A372}.Release|Any CPU.ActiveCfg = Release|Any CPU
		{405B7B2D-902C-491B-B031-ECEA0D32A372}.Release|Any CPU.Build.0 = Release|Any CPU
		{405B7B2D-902C-491B-B031-ECEA0D32A372}.Release|Mixed Platforms.ActiveCfg = Release|Any CPU
		{405B7B2D-902C-491B-B031-ECEA0D32A372}.Release|Mixed Platforms.Build.0 = Release|Any CPU
		{405B7B2D-902C-491B-B031-ECEA0D32A372}.Release|x86.ActiveCfg = Release|Any CPU
		{172F2C6C-4818-4DC7-9B09-6EA0D755F633}.Debug|Any CPU.ActiveCfg = Debug|Any CPU
		{172F2C6C-4818-4DC7-9B09-6EA0D755F633}.Debug|Any CPU.Build.0 = Debug|Any CPU
		{172F2C6C-4818-4DC7-9B09-6EA0D755F633}.Debug|Mixed Platforms.ActiveCfg = Debug|Any CPU
		{172F2C6C-4818-4DC7-9B09-6EA0D755F633}.Debug|Mixed Platforms.Build.0 = Debug|Any CPU
		{172F2C6C-4818-4DC7-9B09-6EA0D755F633}.Debug|x86.ActiveCfg = Debug|Any CPU
		{172F2C6C-4818-4DC7-9B09-6EA0D755F633}.MSTEST_DEBUG|Any CPU.ActiveCfg = Release|Any CPU
		{172F2C6C-4818-4DC7-9B09-6EA0D755F633}.MSTEST_DEBUG|Any CPU.Build.0 = Release|Any CPU
		{172F2C6C-4818-4DC7-9B09-6EA0D755F633}.MSTEST_DEBUG|Mixed Platforms.ActiveCfg = Release|Any CPU
		{172F2C6C-4818-4DC7-9B09-6EA0D755F633}.MSTEST_DEBUG|Mixed Platforms.Build.0 = Release|Any CPU
		{172F2C6C-4818-4DC7-9B09-6EA0D755F633}.MSTEST_DEBUG|x86.ActiveCfg = Release|Any CPU
		{172F2C6C-4818-4DC7-9B09-6EA0D755F633}.MSTEST_RELEASE|Any CPU.ActiveCfg = Release|Any CPU
		{172F2C6C-4818-4DC7-9B09-6EA0D755F633}.MSTEST_RELEASE|Any CPU.Build.0 = Release|Any CPU
		{172F2C6C-4818-4DC7-9B09-6EA0D755F633}.MSTEST_RELEASE|Mixed Platforms.ActiveCfg = Release|Any CPU
		{172F2C6C-4818-4DC7-9B09-6EA0D755F633}.MSTEST_RELEASE|Mixed Platforms.Build.0 = Release|Any CPU
		{172F2C6C-4818-4DC7-9B09-6EA0D755F633}.MSTEST_RELEASE|x86.ActiveCfg = Release|Any CPU
		{172F2C6C-4818-4DC7-9B09-6EA0D755F633}.NUNIT_DEBUG|Any CPU.ActiveCfg = Release|Any CPU
		{172F2C6C-4818-4DC7-9B09-6EA0D755F633}.NUNIT_DEBUG|Any CPU.Build.0 = Release|Any CPU
		{172F2C6C-4818-4DC7-9B09-6EA0D755F633}.NUNIT_DEBUG|Mixed Platforms.ActiveCfg = Release|Any CPU
		{172F2C6C-4818-4DC7-9B09-6EA0D755F633}.NUNIT_DEBUG|Mixed Platforms.Build.0 = Release|Any CPU
		{172F2C6C-4818-4DC7-9B09-6EA0D755F633}.NUNIT_DEBUG|x86.ActiveCfg = Release|Any CPU
		{172F2C6C-4818-4DC7-9B09-6EA0D755F633}.NUNIT_RELEASE|Any CPU.ActiveCfg = Release|Any CPU
		{172F2C6C-4818-4DC7-9B09-6EA0D755F633}.NUNIT_RELEASE|Any CPU.Build.0 = Release|Any CPU
		{172F2C6C-4818-4DC7-9B09-6EA0D755F633}.NUNIT_RELEASE|Mixed Platforms.ActiveCfg = Release|Any CPU
		{172F2C6C-4818-4DC7-9B09-6EA0D755F633}.NUNIT_RELEASE|Mixed Platforms.Build.0 = Release|Any CPU
		{172F2C6C-4818-4DC7-9B09-6EA0D755F633}.NUNIT_RELEASE|x86.ActiveCfg = Release|Any CPU
		{172F2C6C-4818-4DC7-9B09-6EA0D755F633}.Release|Any CPU.ActiveCfg = Release|Any CPU
		{172F2C6C-4818-4DC7-9B09-6EA0D755F633}.Release|Any CPU.Build.0 = Release|Any CPU
		{172F2C6C-4818-4DC7-9B09-6EA0D755F633}.Release|Mixed Platforms.ActiveCfg = Release|Any CPU
		{172F2C6C-4818-4DC7-9B09-6EA0D755F633}.Release|Mixed Platforms.Build.0 = Release|Any CPU
		{172F2C6C-4818-4DC7-9B09-6EA0D755F633}.Release|x86.ActiveCfg = Release|Any CPU
		{A2BAD87B-62DD-4F99-9895-77817BC8014C}.Debug|Any CPU.ActiveCfg = Debug|Any CPU
		{A2BAD87B-62DD-4F99-9895-77817BC8014C}.Debug|Any CPU.Build.0 = Debug|Any CPU
		{A2BAD87B-62DD-4F99-9895-77817BC8014C}.Debug|Mixed Platforms.ActiveCfg = Debug|Any CPU
		{A2BAD87B-62DD-4F99-9895-77817BC8014C}.Debug|Mixed Platforms.Build.0 = Debug|Any CPU
		{A2BAD87B-62DD-4F99-9895-77817BC8014C}.Debug|x86.ActiveCfg = Debug|Any CPU
		{A2BAD87B-62DD-4F99-9895-77817BC8014C}.MSTEST_DEBUG|Any CPU.ActiveCfg = Release|Any CPU
		{A2BAD87B-62DD-4F99-9895-77817BC8014C}.MSTEST_DEBUG|Any CPU.Build.0 = Release|Any CPU
		{A2BAD87B-62DD-4F99-9895-77817BC8014C}.MSTEST_DEBUG|Mixed Platforms.ActiveCfg = Release|Any CPU
		{A2BAD87B-62DD-4F99-9895-77817BC8014C}.MSTEST_DEBUG|Mixed Platforms.Build.0 = Release|Any CPU
		{A2BAD87B-62DD-4F99-9895-77817BC8014C}.MSTEST_DEBUG|x86.ActiveCfg = Release|Any CPU
		{A2BAD87B-62DD-4F99-9895-77817BC8014C}.MSTEST_RELEASE|Any CPU.ActiveCfg = Release|Any CPU
		{A2BAD87B-62DD-4F99-9895-77817BC8014C}.MSTEST_RELEASE|Any CPU.Build.0 = Release|Any CPU
		{A2BAD87B-62DD-4F99-9895-77817BC8014C}.MSTEST_RELEASE|Mixed Platforms.ActiveCfg = Release|Any CPU
		{A2BAD87B-62DD-4F99-9895-77817BC8014C}.MSTEST_RELEASE|Mixed Platforms.Build.0 = Release|Any CPU
		{A2BAD87B-62DD-4F99-9895-77817BC8014C}.MSTEST_RELEASE|x86.ActiveCfg = Release|Any CPU
		{A2BAD87B-62DD-4F99-9895-77817BC8014C}.NUNIT_DEBUG|Any CPU.ActiveCfg = Release|Any CPU
		{A2BAD87B-62DD-4F99-9895-77817BC8014C}.NUNIT_DEBUG|Any CPU.Build.0 = Release|Any CPU
		{A2BAD87B-62DD-4F99-9895-77817BC8014C}.NUNIT_DEBUG|Mixed Platforms.ActiveCfg = Release|Any CPU
		{A2BAD87B-62DD-4F99-9895-77817BC8014C}.NUNIT_DEBUG|Mixed Platforms.Build.0 = Release|Any CPU
		{A2BAD87B-62DD-4F99-9895-77817BC8014C}.NUNIT_DEBUG|x86.ActiveCfg = Release|Any CPU
		{A2BAD87B-62DD-4F99-9895-77817BC8014C}.NUNIT_RELEASE|Any CPU.ActiveCfg = Release|Any CPU
		{A2BAD87B-62DD-4F99-9895-77817BC8014C}.NUNIT_RELEASE|Any CPU.Build.0 = Release|Any CPU
		{A2BAD87B-62DD-4F99-9895-77817BC8014C}.NUNIT_RELEASE|Mixed Platforms.ActiveCfg = Release|Any CPU
		{A2BAD87B-62DD-4F99-9895-77817BC8014C}.NUNIT_RELEASE|Mixed Platforms.Build.0 = Release|Any CPU
		{A2BAD87B-62DD-4F99-9895-77817BC8014C}.NUNIT_RELEASE|x86.ActiveCfg = Release|Any CPU
		{A2BAD87B-62DD-4F99-9895-77817BC8014C}.Release|Any CPU.ActiveCfg = Release|Any CPU
		{A2BAD87B-62DD-4F99-9895-77817BC8014C}.Release|Any CPU.Build.0 = Release|Any CPU
		{A2BAD87B-62DD-4F99-9895-77817BC8014C}.Release|Mixed Platforms.ActiveCfg = Release|Any CPU
		{A2BAD87B-62DD-4F99-9895-77817BC8014C}.Release|Mixed Platforms.Build.0 = Release|Any CPU
		{A2BAD87B-62DD-4F99-9895-77817BC8014C}.Release|x86.ActiveCfg = Release|Any CPU
		{2DFD3EEB-1B13-4BFD-8A33-C08E38B93BB7}.Debug|Any CPU.ActiveCfg = Debug|x86
		{2DFD3EEB-1B13-4BFD-8A33-C08E38B93BB7}.Debug|Mixed Platforms.ActiveCfg = Debug|x86
		{2DFD3EEB-1B13-4BFD-8A33-C08E38B93BB7}.Debug|Mixed Platforms.Build.0 = Debug|x86
		{2DFD3EEB-1B13-4BFD-8A33-C08E38B93BB7}.Debug|x86.ActiveCfg = Debug|x86
		{2DFD3EEB-1B13-4BFD-8A33-C08E38B93BB7}.Debug|x86.Build.0 = Debug|x86
		{2DFD3EEB-1B13-4BFD-8A33-C08E38B93BB7}.MSTEST_DEBUG|Any CPU.ActiveCfg = Release|x86
		{2DFD3EEB-1B13-4BFD-8A33-C08E38B93BB7}.MSTEST_DEBUG|Mixed Platforms.ActiveCfg = Release|x86
		{2DFD3EEB-1B13-4BFD-8A33-C08E38B93BB7}.MSTEST_DEBUG|Mixed Platforms.Build.0 = Release|x86
		{2DFD3EEB-1B13-4BFD-8A33-C08E38B93BB7}.MSTEST_DEBUG|x86.ActiveCfg = Release|x86
		{2DFD3EEB-1B13-4BFD-8A33-C08E38B93BB7}.MSTEST_DEBUG|x86.Build.0 = Release|x86
		{2DFD3EEB-1B13-4BFD-8A33-C08E38B93BB7}.MSTEST_RELEASE|Any CPU.ActiveCfg = Release|x86
		{2DFD3EEB-1B13-4BFD-8A33-C08E38B93BB7}.MSTEST_RELEASE|Mixed Platforms.ActiveCfg = Release|x86
		{2DFD3EEB-1B13-4BFD-8A33-C08E38B93BB7}.MSTEST_RELEASE|Mixed Platforms.Build.0 = Release|x86
		{2DFD3EEB-1B13-4BFD-8A33-C08E38B93BB7}.MSTEST_RELEASE|x86.ActiveCfg = Release|x86
		{2DFD3EEB-1B13-4BFD-8A33-C08E38B93BB7}.MSTEST_RELEASE|x86.Build.0 = Release|x86
		{2DFD3EEB-1B13-4BFD-8A33-C08E38B93BB7}.NUNIT_DEBUG|Any CPU.ActiveCfg = Release|x86
		{2DFD3EEB-1B13-4BFD-8A33-C08E38B93BB7}.NUNIT_DEBUG|Mixed Platforms.ActiveCfg = Release|x86
		{2DFD3EEB-1B13-4BFD-8A33-C08E38B93BB7}.NUNIT_DEBUG|Mixed Platforms.Build.0 = Release|x86
		{2DFD3EEB-1B13-4BFD-8A33-C08E38B93BB7}.NUNIT_DEBUG|x86.ActiveCfg = Release|x86
		{2DFD3EEB-1B13-4BFD-8A33-C08E38B93BB7}.NUNIT_DEBUG|x86.Build.0 = Release|x86
		{2DFD3EEB-1B13-4BFD-8A33-C08E38B93BB7}.NUNIT_RELEASE|Any CPU.ActiveCfg = Release|x86
		{2DFD3EEB-1B13-4BFD-8A33-C08E38B93BB7}.NUNIT_RELEASE|Mixed Platforms.ActiveCfg = Release|x86
		{2DFD3EEB-1B13-4BFD-8A33-C08E38B93BB7}.NUNIT_RELEASE|Mixed Platforms.Build.0 = Release|x86
		{2DFD3EEB-1B13-4BFD-8A33-C08E38B93BB7}.NUNIT_RELEASE|x86.ActiveCfg = Release|x86
		{2DFD3EEB-1B13-4BFD-8A33-C08E38B93BB7}.NUNIT_RELEASE|x86.Build.0 = Release|x86
		{2DFD3EEB-1B13-4BFD-8A33-C08E38B93BB7}.Release|Any CPU.ActiveCfg = Release|x86
		{2DFD3EEB-1B13-4BFD-8A33-C08E38B93BB7}.Release|Mixed Platforms.ActiveCfg = Release|x86
		{2DFD3EEB-1B13-4BFD-8A33-C08E38B93BB7}.Release|Mixed Platforms.Build.0 = Release|x86
		{2DFD3EEB-1B13-4BFD-8A33-C08E38B93BB7}.Release|x86.ActiveCfg = Release|x86
		{2DFD3EEB-1B13-4BFD-8A33-C08E38B93BB7}.Release|x86.Build.0 = Release|x86
		{2E3AC325-A73F-4008-B7B5-3CC9A61BAC21}.Debug|Any CPU.ActiveCfg = Debug|Any CPU
		{2E3AC325-A73F-4008-B7B5-3CC9A61BAC21}.Debug|Any CPU.Build.0 = Debug|Any CPU
		{2E3AC325-A73F-4008-B7B5-3CC9A61BAC21}.Debug|Mixed Platforms.ActiveCfg = Debug|Any CPU
		{2E3AC325-A73F-4008-B7B5-3CC9A61BAC21}.Debug|Mixed Platforms.Build.0 = Debug|Any CPU
		{2E3AC325-A73F-4008-B7B5-3CC9A61BAC21}.Debug|x86.ActiveCfg = Debug|Any CPU
		{2E3AC325-A73F-4008-B7B5-3CC9A61BAC21}.MSTEST_DEBUG|Any CPU.ActiveCfg = Release|Any CPU
		{2E3AC325-A73F-4008-B7B5-3CC9A61BAC21}.MSTEST_DEBUG|Any CPU.Build.0 = Release|Any CPU
		{2E3AC325-A73F-4008-B7B5-3CC9A61BAC21}.MSTEST_DEBUG|Mixed Platforms.ActiveCfg = Release|Any CPU
		{2E3AC325-A73F-4008-B7B5-3CC9A61BAC21}.MSTEST_DEBUG|Mixed Platforms.Build.0 = Release|Any CPU
		{2E3AC325-A73F-4008-B7B5-3CC9A61BAC21}.MSTEST_DEBUG|x86.ActiveCfg = Release|Any CPU
		{2E3AC325-A73F-4008-B7B5-3CC9A61BAC21}.MSTEST_RELEASE|Any CPU.ActiveCfg = Release|Any CPU
		{2E3AC325-A73F-4008-B7B5-3CC9A61BAC21}.MSTEST_RELEASE|Any CPU.Build.0 = Release|Any CPU
		{2E3AC325-A73F-4008-B7B5-3CC9A61BAC21}.MSTEST_RELEASE|Mixed Platforms.ActiveCfg = Release|Any CPU
		{2E3AC325-A73F-4008-B7B5-3CC9A61BAC21}.MSTEST_RELEASE|Mixed Platforms.Build.0 = Release|Any CPU
		{2E3AC325-A73F-4008-B7B5-3CC9A61BAC21}.MSTEST_RELEASE|x86.ActiveCfg = Release|Any CPU
		{2E3AC325-A73F-4008-B7B5-3CC9A61BAC21}.NUNIT_DEBUG|Any CPU.ActiveCfg = Release|Any CPU
		{2E3AC325-A73F-4008-B7B5-3CC9A61BAC21}.NUNIT_DEBUG|Any CPU.Build.0 = Release|Any CPU
		{2E3AC325-A73F-4008-B7B5-3CC9A61BAC21}.NUNIT_DEBUG|Mixed Platforms.ActiveCfg = Release|Any CPU
		{2E3AC325-A73F-4008-B7B5-3CC9A61BAC21}.NUNIT_DEBUG|Mixed Platforms.Build.0 = Release|Any CPU
		{2E3AC325-A73F-4008-B7B5-3CC9A61BAC21}.NUNIT_DEBUG|x86.ActiveCfg = Release|Any CPU
		{2E3AC325-A73F-4008-B7B5-3CC9A61BAC21}.NUNIT_RELEASE|Any CPU.ActiveCfg = Release|Any CPU
		{2E3AC325-A73F-4008-B7B5-3CC9A61BAC21}.NUNIT_RELEASE|Any CPU.Build.0 = Release|Any CPU
		{2E3AC325-A73F-4008-B7B5-3CC9A61BAC21}.NUNIT_RELEASE|Mixed Platforms.ActiveCfg = Release|Any CPU
		{2E3AC325-A73F-4008-B7B5-3CC9A61BAC21}.NUNIT_RELEASE|Mixed Platforms.Build.0 = Release|Any CPU
		{2E3AC325-A73F-4008-B7B5-3CC9A61BAC21}.NUNIT_RELEASE|x86.ActiveCfg = Release|Any CPU
		{2E3AC325-A73F-4008-B7B5-3CC9A61BAC21}.Release|Any CPU.ActiveCfg = Release|Any CPU
		{2E3AC325-A73F-4008-B7B5-3CC9A61BAC21}.Release|Any CPU.Build.0 = Release|Any CPU
		{2E3AC325-A73F-4008-B7B5-3CC9A61BAC21}.Release|Mixed Platforms.ActiveCfg = Release|Any CPU
		{2E3AC325-A73F-4008-B7B5-3CC9A61BAC21}.Release|Mixed Platforms.Build.0 = Release|Any CPU
		{2E3AC325-A73F-4008-B7B5-3CC9A61BAC21}.Release|x86.ActiveCfg = Release|Any CPU
		{3B0C6582-70EF-4DE6-8F83-D5B6A7D6AE03}.Debug|Any CPU.ActiveCfg = Debug|Any CPU
		{3B0C6582-70EF-4DE6-8F83-D5B6A7D6AE03}.Debug|Any CPU.Build.0 = Debug|Any CPU
		{3B0C6582-70EF-4DE6-8F83-D5B6A7D6AE03}.Debug|Mixed Platforms.ActiveCfg = Debug|Any CPU
		{3B0C6582-70EF-4DE6-8F83-D5B6A7D6AE03}.Debug|Mixed Platforms.Build.0 = Debug|Any CPU
		{3B0C6582-70EF-4DE6-8F83-D5B6A7D6AE03}.Debug|x86.ActiveCfg = Debug|Any CPU
		{3B0C6582-70EF-4DE6-8F83-D5B6A7D6AE03}.MSTEST_DEBUG|Any CPU.ActiveCfg = Release|Any CPU
		{3B0C6582-70EF-4DE6-8F83-D5B6A7D6AE03}.MSTEST_DEBUG|Any CPU.Build.0 = Release|Any CPU
		{3B0C6582-70EF-4DE6-8F83-D5B6A7D6AE03}.MSTEST_DEBUG|Mixed Platforms.ActiveCfg = Release|Any CPU
		{3B0C6582-70EF-4DE6-8F83-D5B6A7D6AE03}.MSTEST_DEBUG|Mixed Platforms.Build.0 = Release|Any CPU
		{3B0C6582-70EF-4DE6-8F83-D5B6A7D6AE03}.MSTEST_DEBUG|x86.ActiveCfg = Release|Any CPU
		{3B0C6582-70EF-4DE6-8F83-D5B6A7D6AE03}.MSTEST_RELEASE|Any CPU.ActiveCfg = Release|Any CPU
		{3B0C6582-70EF-4DE6-8F83-D5B6A7D6AE03}.MSTEST_RELEASE|Any CPU.Build.0 = Release|Any CPU
		{3B0C6582-70EF-4DE6-8F83-D5B6A7D6AE03}.MSTEST_RELEASE|Mixed Platforms.ActiveCfg = Release|Any CPU
		{3B0C6582-70EF-4DE6-8F83-D5B6A7D6AE03}.MSTEST_RELEASE|Mixed Platforms.Build.0 = Release|Any CPU
		{3B0C6582-70EF-4DE6-8F83-D5B6A7D6AE03}.MSTEST_RELEASE|x86.ActiveCfg = Release|Any CPU
		{3B0C6582-70EF-4DE6-8F83-D5B6A7D6AE03}.NUNIT_DEBUG|Any CPU.ActiveCfg = Release|Any CPU
		{3B0C6582-70EF-4DE6-8F83-D5B6A7D6AE03}.NUNIT_DEBUG|Any CPU.Build.0 = Release|Any CPU
		{3B0C6582-70EF-4DE6-8F83-D5B6A7D6AE03}.NUNIT_DEBUG|Mixed Platforms.ActiveCfg = Release|Any CPU
		{3B0C6582-70EF-4DE6-8F83-D5B6A7D6AE03}.NUNIT_DEBUG|Mixed Platforms.Build.0 = Release|Any CPU
		{3B0C6582-70EF-4DE6-8F83-D5B6A7D6AE03}.NUNIT_DEBUG|x86.ActiveCfg = Release|Any CPU
		{3B0C6582-70EF-4DE6-8F83-D5B6A7D6AE03}.NUNIT_RELEASE|Any CPU.ActiveCfg = Release|Any CPU
		{3B0C6582-70EF-4DE6-8F83-D5B6A7D6AE03}.NUNIT_RELEASE|Any CPU.Build.0 = Release|Any CPU
		{3B0C6582-70EF-4DE6-8F83-D5B6A7D6AE03}.NUNIT_RELEASE|Mixed Platforms.ActiveCfg = Release|Any CPU
		{3B0C6582-70EF-4DE6-8F83-D5B6A7D6AE03}.NUNIT_RELEASE|Mixed Platforms.Build.0 = Release|Any CPU
		{3B0C6582-70EF-4DE6-8F83-D5B6A7D6AE03}.NUNIT_RELEASE|x86.ActiveCfg = Release|Any CPU
		{3B0C6582-70EF-4DE6-8F83-D5B6A7D6AE03}.Release|Any CPU.ActiveCfg = Release|Any CPU
		{3B0C6582-70EF-4DE6-8F83-D5B6A7D6AE03}.Release|Any CPU.Build.0 = Release|Any CPU
		{3B0C6582-70EF-4DE6-8F83-D5B6A7D6AE03}.Release|Mixed Platforms.ActiveCfg = Release|Any CPU
		{3B0C6582-70EF-4DE6-8F83-D5B6A7D6AE03}.Release|Mixed Platforms.Build.0 = Release|Any CPU
		{3B0C6582-70EF-4DE6-8F83-D5B6A7D6AE03}.Release|x86.ActiveCfg = Release|Any CPU
		{3725D898-5EF7-4C1E-BC44-E85FAAA3FB4A}.Debug|Any CPU.ActiveCfg = Debug|Any CPU
		{3725D898-5EF7-4C1E-BC44-E85FAAA3FB4A}.Debug|Any CPU.Build.0 = Debug|Any CPU
		{3725D898-5EF7-4C1E-BC44-E85FAAA3FB4A}.Debug|Any CPU.Deploy.0 = Debug|Any CPU
		{3725D898-5EF7-4C1E-BC44-E85FAAA3FB4A}.Debug|Mixed Platforms.ActiveCfg = Debug|Any CPU
		{3725D898-5EF7-4C1E-BC44-E85FAAA3FB4A}.Debug|Mixed Platforms.Build.0 = Debug|Any CPU
		{3725D898-5EF7-4C1E-BC44-E85FAAA3FB4A}.Debug|Mixed Platforms.Deploy.0 = Debug|Any CPU
		{3725D898-5EF7-4C1E-BC44-E85FAAA3FB4A}.Debug|x86.ActiveCfg = Debug|Any CPU
		{3725D898-5EF7-4C1E-BC44-E85FAAA3FB4A}.MSTEST_DEBUG|Any CPU.ActiveCfg = Debug|Any CPU
		{3725D898-5EF7-4C1E-BC44-E85FAAA3FB4A}.MSTEST_DEBUG|Any CPU.Build.0 = Debug|Any CPU
		{3725D898-5EF7-4C1E-BC44-E85FAAA3FB4A}.MSTEST_DEBUG|Any CPU.Deploy.0 = Debug|Any CPU
		{3725D898-5EF7-4C1E-BC44-E85FAAA3FB4A}.MSTEST_DEBUG|Mixed Platforms.ActiveCfg = Debug|Any CPU
		{3725D898-5EF7-4C1E-BC44-E85FAAA3FB4A}.MSTEST_DEBUG|Mixed Platforms.Build.0 = Debug|Any CPU
		{3725D898-5EF7-4C1E-BC44-E85FAAA3FB4A}.MSTEST_DEBUG|Mixed Platforms.Deploy.0 = Debug|Any CPU
		{3725D898-5EF7-4C1E-BC44-E85FAAA3FB4A}.MSTEST_DEBUG|x86.ActiveCfg = Debug|Any CPU
		{3725D898-5EF7-4C1E-BC44-E85FAAA3FB4A}.MSTEST_RELEASE|Any CPU.ActiveCfg = Debug|Any CPU
		{3725D898-5EF7-4C1E-BC44-E85FAAA3FB4A}.MSTEST_RELEASE|Any CPU.Build.0 = Debug|Any CPU
		{3725D898-5EF7-4C1E-BC44-E85FAAA3FB4A}.MSTEST_RELEASE|Any CPU.Deploy.0 = Debug|Any CPU
		{3725D898-5EF7-4C1E-BC44-E85FAAA3FB4A}.MSTEST_RELEASE|Mixed Platforms.ActiveCfg = Debug|Any CPU
		{3725D898-5EF7-4C1E-BC44-E85FAAA3FB4A}.MSTEST_RELEASE|Mixed Platforms.Build.0 = Debug|Any CPU
		{3725D898-5EF7-4C1E-BC44-E85FAAA3FB4A}.MSTEST_RELEASE|Mixed Platforms.Deploy.0 = Debug|Any CPU
		{3725D898-5EF7-4C1E-BC44-E85FAAA3FB4A}.MSTEST_RELEASE|x86.ActiveCfg = Debug|Any CPU
		{3725D898-5EF7-4C1E-BC44-E85FAAA3FB4A}.NUNIT_DEBUG|Any CPU.ActiveCfg = Debug|Any CPU
		{3725D898-5EF7-4C1E-BC44-E85FAAA3FB4A}.NUNIT_DEBUG|Any CPU.Build.0 = Debug|Any CPU
		{3725D898-5EF7-4C1E-BC44-E85FAAA3FB4A}.NUNIT_DEBUG|Any CPU.Deploy.0 = Debug|Any CPU
		{3725D898-5EF7-4C1E-BC44-E85FAAA3FB4A}.NUNIT_DEBUG|Mixed Platforms.ActiveCfg = Debug|Any CPU
		{3725D898-5EF7-4C1E-BC44-E85FAAA3FB4A}.NUNIT_DEBUG|Mixed Platforms.Build.0 = Debug|Any CPU
		{3725D898-5EF7-4C1E-BC44-E85FAAA3FB4A}.NUNIT_DEBUG|Mixed Platforms.Deploy.0 = Debug|Any CPU
		{3725D898-5EF7-4C1E-BC44-E85FAAA3FB4A}.NUNIT_DEBUG|x86.ActiveCfg = Debug|Any CPU
		{3725D898-5EF7-4C1E-BC44-E85FAAA3FB4A}.NUNIT_RELEASE|Any CPU.ActiveCfg = Debug|Any CPU
		{3725D898-5EF7-4C1E-BC44-E85FAAA3FB4A}.NUNIT_RELEASE|Any CPU.Build.0 = Debug|Any CPU
		{3725D898-5EF7-4C1E-BC44-E85FAAA3FB4A}.NUNIT_RELEASE|Any CPU.Deploy.0 = Debug|Any CPU
		{3725D898-5EF7-4C1E-BC44-E85FAAA3FB4A}.NUNIT_RELEASE|Mixed Platforms.ActiveCfg = Debug|Any CPU
		{3725D898-5EF7-4C1E-BC44-E85FAAA3FB4A}.NUNIT_RELEASE|Mixed Platforms.Build.0 = Debug|Any CPU
		{3725D898-5EF7-4C1E-BC44-E85FAAA3FB4A}.NUNIT_RELEASE|Mixed Platforms.Deploy.0 = Debug|Any CPU
		{3725D898-5EF7-4C1E-BC44-E85FAAA3FB4A}.NUNIT_RELEASE|x86.ActiveCfg = Debug|Any CPU
		{3725D898-5EF7-4C1E-BC44-E85FAAA3FB4A}.Release|Any CPU.ActiveCfg = Release|Any CPU
		{3725D898-5EF7-4C1E-BC44-E85FAAA3FB4A}.Release|Any CPU.Build.0 = Release|Any CPU
		{3725D898-5EF7-4C1E-BC44-E85FAAA3FB4A}.Release|Any CPU.Deploy.0 = Release|Any CPU
		{3725D898-5EF7-4C1E-BC44-E85FAAA3FB4A}.Release|Mixed Platforms.ActiveCfg = Release|Any CPU
		{3725D898-5EF7-4C1E-BC44-E85FAAA3FB4A}.Release|Mixed Platforms.Build.0 = Release|Any CPU
		{3725D898-5EF7-4C1E-BC44-E85FAAA3FB4A}.Release|Mixed Platforms.Deploy.0 = Release|Any CPU
		{3725D898-5EF7-4C1E-BC44-E85FAAA3FB4A}.Release|x86.ActiveCfg = Release|Any CPU
	EndGlobalSection
	GlobalSection(SolutionProperties) = preSolution
		HideSolutionNode = FALSE
	EndGlobalSection
	GlobalSection(NestedProjects) = preSolution
		{750A873E-E0C0-4A99-ABB7-410F74CBBD76} = {888B361E-F85B-4C04-A84A-2F6F17A8F750}
		{A049CEF2-3015-49A8-81D0-B4A460086BA2} = {888B361E-F85B-4C04-A84A-2F6F17A8F750}
		{EA0D5DA4-4E2F-4475-8285-B954204AFA7D} = {888B361E-F85B-4C04-A84A-2F6F17A8F750}
		{405B7B2D-902C-491B-B031-ECEA0D32A372} = {888B361E-F85B-4C04-A84A-2F6F17A8F750}
		{172F2C6C-4818-4DC7-9B09-6EA0D755F633} = {888B361E-F85B-4C04-A84A-2F6F17A8F750}
		{2DFD3EEB-1B13-4BFD-8A33-C08E38B93BB7} = {888B361E-F85B-4C04-A84A-2F6F17A8F750}
		{2E3AC325-A73F-4008-B7B5-3CC9A61BAC21} = {888B361E-F85B-4C04-A84A-2F6F17A8F750}
	EndGlobalSection
EndGlobal
